
Microsoft Visual Studio Solution File, Format Version 12.00
# Visual Studio Version 16
VisualStudioVersion = 16.0.32510.428
MinimumVisualStudioVersion = 10.0.40219.1
Project("{8BC9CEB8-8B4A-11D0-8D11-00A0C91BC942}") = "FIFO Scheduling Policy", "FIFO Scheduling Policy\FIFO Scheduling Policy.vcxproj", "{FE98F81D-9DF6-41A4-BF28-FD5101BE3994}"
EndProject
Global
	GlobalSection(SolutionConfigurationPlatforms) = preSolution
		Debug|x64 = Debug|x64
		Debug|x86 = Debug|x86
		Release|x64 = Release|x64
		Release|x86 = Release|x86
	EndGlobalSection
	GlobalSection(ProjectConfigurationPlatforms) = postSolution
		{FE98F81D-9DF6-41A4-BF28-FD5101BE3994}.Debug|x64.ActiveCfg = Debug|x64
		{FE98F81D-9DF6-41A4-BF28-FD5101BE3994}.Debug|x64.Build.0 = Debug|x64
		{FE98F81D-9DF6-41A4-BF28-FD5101BE3994}.Debug|x86.ActiveCfg = Debug|Win32
		{FE98F81D-9DF6-41A4-BF28-FD5101BE3994}.Debug|x86.Build.0 = Debug|Win32
		{FE98F81D-9DF6-41A4-BF28-FD5101BE3994}.Release|x64.ActiveCfg = Release|x64
		{FE98F81D-9DF6-41A4-BF28-FD5101BE3994}.Release|x64.Build.0 = Release|x64
		{FE98F81D-9DF6-41A4-BF28-FD5101BE3994}.Release|x86.ActiveCfg = Release|Win32
		{FE98F81D-9DF6-41A4-BF28-FD5101BE3994}.Release|x86.Build.0 = Release|Win32
	EndGlobalSection
	GlobalSection(SolutionProperties) = preSolution
		HideSolutionNode = FALSE
	EndGlobalSection
	GlobalSection(ExtensibilityGlobals) = postSolution
		SolutionGuid = {7B39AC68-862A-4DC1-94F8-3834F368EF21}
	EndGlobalSection
EndGlobal
